
Microsoft Visual Studio Solution File, Format Version 12.00
# Visual Studio Version 16
VisualStudioVersion = 16.0.30717.126
MinimumVisualStudioVersion = 10.0.40219.1
Project("{FAE04EC0-301F-11D3-BF4B-00C04F79EFBC}") = "async_await_Robot", "async_await_Robot\async_await_Robot.csproj", "{886CC3B7-48AC-4562-A2AC-C18DD947EC26}"
EndProject
Global
	GlobalSection(SolutionConfigurationPlatforms) = preSolution
		Debug|Any CPU = Debug|Any CPU
		Release|Any CPU = Release|Any CPU
	EndGlobalSection
	GlobalSection(ProjectConfigurationPlatforms) = postSolution
		{886CC3B7-48AC-4562-A2AC-C18DD947EC26}.Debug|Any CPU.ActiveCfg = Debug|Any CPU
		{886CC3B7-48AC-4562-A2AC-C18DD947EC26}.Debug|Any CPU.Build.0 = Debug|Any CPU
		{886CC3B7-48AC-4562-A2AC-C18DD947EC26}.Release|Any CPU.ActiveCfg = Release|Any CPU
		{886CC3B7-48AC-4562-A2AC-C18DD947EC26}.Release|Any CPU.Build.0 = Release|Any CPU
	EndGlobalSection
	GlobalSection(SolutionProperties) = preSolution
		HideSolutionNode = FALSE
	EndGlobalSection
	GlobalSection(ExtensibilityGlobals) = postSolution
		SolutionGuid = {AF57B204-986D-4D2B-B2A9-8B4B2546F92A}
	EndGlobalSection
EndGlobal
